
Microsoft Visual Studio Solution File, Format Version 12.00
# Visual Studio 2012
Project("{FAE04EC0-301F-11D3-BF4B-00C04F79EFBC}") = "DatabaseGenerator", "DatabaseGenerator\DatabaseGenerator.csproj", "{274734B8-783A-4585-8BEC-B75128723DA4}"
EndProject
Project("{FAE04EC0-301F-11D3-BF4B-00C04F79EFBC}") = "Code", "Code\Code.csproj", "{F71E5141-006E-4C30-AA01-FEA35814D51C}"
EndProject
Project("{2150E333-8FDC-42A3-9474-1A3956D46DE8}") = ".nuget", ".nuget", "{5AAC8076-D9F2-4B07-976A-8DBCA832BC48}"
	ProjectSection(SolutionItems) = preProject
		.nuget\NuGet.Config = .nuget\NuGet.Config
		.nuget\NuGet.exe = .nuget\NuGet.exe
		.nuget\NuGet.targets = .nuget\NuGet.targets
	EndProjectSection
EndProject
Project("{FAE04EC0-301F-11D3-BF4B-00C04F79EFBC}") = "Persistence", "Persistence\Persistence.csproj", "{386F67A6-7D73-4889-A03D-AA8505DFAF51}"
EndProject
Project("{FAE04EC0-301F-11D3-BF4B-00C04F79EFBC}") = "Domain", "Domain\Domain.csproj", "{33184ACD-E8C7-40AA-89EA-FF89440F8C9B}"
EndProject
Global
	GlobalSection(SolutionConfigurationPlatforms) = preSolution
		Debug|Any CPU = Debug|Any CPU
		Release|Any CPU = Release|Any CPU
	EndGlobalSection
	GlobalSection(ProjectConfigurationPlatforms) = postSolution
		{274734B8-783A-4585-8BEC-B75128723DA4}.Debug|Any CPU.ActiveCfg = Debug|Any CPU
		{274734B8-783A-4585-8BEC-B75128723DA4}.Debug|Any CPU.Build.0 = Debug|Any CPU
		{274734B8-783A-4585-8BEC-B75128723DA4}.Release|Any CPU.ActiveCfg = Release|Any CPU
		{274734B8-783A-4585-8BEC-B75128723DA4}.Release|Any CPU.Build.0 = Release|Any CPU
		{F71E5141-006E-4C30-AA01-FEA35814D51C}.Debug|Any CPU.ActiveCfg = Debug|Any CPU
		{F71E5141-006E-4C30-AA01-FEA35814D51C}.Debug|Any CPU.Build.0 = Debug|Any CPU
		{F71E5141-006E-4C30-AA01-FEA35814D51C}.Release|Any CPU.ActiveCfg = Release|Any CPU
		{F71E5141-006E-4C30-AA01-FEA35814D51C}.Release|Any CPU.Build.0 = Release|Any CPU
		{386F67A6-7D73-4889-A03D-AA8505DFAF51}.Debug|Any CPU.ActiveCfg = Debug|Any CPU
		{386F67A6-7D73-4889-A03D-AA8505DFAF51}.Debug|Any CPU.Build.0 = Debug|Any CPU
		{386F67A6-7D73-4889-A03D-AA8505DFAF51}.Release|Any CPU.ActiveCfg = Release|Any CPU
		{386F67A6-7D73-4889-A03D-AA8505DFAF51}.Release|Any CPU.Build.0 = Release|Any CPU
		{33184ACD-E8C7-40AA-89EA-FF89440F8C9B}.Debug|Any CPU.ActiveCfg = Debug|Any CPU
		{33184ACD-E8C7-40AA-89EA-FF89440F8C9B}.Debug|Any CPU.Build.0 = Debug|Any CPU
		{33184ACD-E8C7-40AA-89EA-FF89440F8C9B}.Release|Any CPU.ActiveCfg = Release|Any CPU
		{33184ACD-E8C7-40AA-89EA-FF89440F8C9B}.Release|Any CPU.Build.0 = Release|Any CPU
	EndGlobalSection
	GlobalSection(SolutionProperties) = preSolution
		HideSolutionNode = FALSE
	EndGlobalSection
EndGlobal
